
Microsoft Visual Studio Solution File, Format Version 12.00
# Visual Studio Version 17
VisualStudioVersion = 17.3.32804.467
MinimumVisualStudioVersion = 10.0.40219.1
Project("{FAE04EC0-301F-11D3-BF4B-00C04F79EFBC}") = "Oop.E1", "Oop.E1\Oop.E1.csproj", "{3DDF2DD0-B93D-4E7B-9CF6-716213AE8807}"
EndProject
Global
	GlobalSection(SolutionConfigurationPlatforms) = preSolution
		Debug|Any CPU = Debug|Any CPU
		Release|Any CPU = Release|Any CPU
	EndGlobalSection
	GlobalSection(ProjectConfigurationPlatforms) = postSolution
		{3DDF2DD0-B93D-4E7B-9CF6-716213AE8807}.Debug|Any CPU.ActiveCfg = Debug|Any CPU
		{3DDF2DD0-B93D-4E7B-9CF6-716213AE8807}.Debug|Any CPU.Build.0 = Debug|Any CPU
		{3DDF2DD0-B93D-4E7B-9CF6-716213AE8807}.Release|Any CPU.ActiveCfg = Release|Any CPU
		{3DDF2DD0-B93D-4E7B-9CF6-716213AE8807}.Release|Any CPU.Build.0 = Release|Any CPU
	EndGlobalSection
	GlobalSection(SolutionProperties) = preSolution
		HideSolutionNode = FALSE
	EndGlobalSection
	GlobalSection(ExtensibilityGlobals) = postSolution
		SolutionGuid = {D5950D7E-E39D-47F1-ACD4-23D7A3EAB17E}
	EndGlobalSection
EndGlobal
